
Microsoft Visual Studio Solution File, Format Version 12.00
# Visual Studio Version 16
VisualStudioVersion = 16.0.809.4
MinimumVisualStudioVersion = 10.0.40219.1
Project("{FAE04EC0-301F-11D3-BF4B-00C04F79EFBC}") = "NewMotivationStart", "NewMotivationStart\NewMotivationStart.csproj", "{3B6DCD47-F7C2-4C34-AD07-1E214646A950}"
EndProject
Global
	GlobalSection(SolutionConfigurationPlatforms) = preSolution
		Debug|Any CPU = Debug|Any CPU
		Release|Any CPU = Release|Any CPU
	EndGlobalSection
	GlobalSection(ProjectConfigurationPlatforms) = postSolution
		{3B6DCD47-F7C2-4C34-AD07-1E214646A950}.Debug|Any CPU.ActiveCfg = Debug|Any CPU
		{3B6DCD47-F7C2-4C34-AD07-1E214646A950}.Debug|Any CPU.Build.0 = Debug|Any CPU
		{3B6DCD47-F7C2-4C34-AD07-1E214646A950}.Release|Any CPU.ActiveCfg = Release|Any CPU
		{3B6DCD47-F7C2-4C34-AD07-1E214646A950}.Release|Any CPU.Build.0 = Release|Any CPU
	EndGlobalSection
	GlobalSection(SolutionProperties) = preSolution
		HideSolutionNode = FALSE
	EndGlobalSection
	GlobalSection(ExtensibilityGlobals) = postSolution
		SolutionGuid = {9DB39DA4-C02E-4675-927D-2630C20E1830}
	EndGlobalSection
EndGlobal
